
Microsoft Visual Studio Solution File, Format Version 12.00
# Visual Studio Version 17
VisualStudioVersion = 17.4.33213.308
MinimumVisualStudioVersion = 10.0.40219.1
Project("{8BC9CEB8-8B4A-11D0-8D11-00A0C91BC942}") = "Graph_Imple", "Graph_Imple\Graph_Imple.vcxproj", "{253FCD96-3FC4-427D-B6E3-C3956B6CFA46}"
EndProject
Global
	GlobalSection(SolutionConfigurationPlatforms) = preSolution
		Debug|x64 = Debug|x64
		Debug|x86 = Debug|x86
		Release|x64 = Release|x64
		Release|x86 = Release|x86
	EndGlobalSection
	GlobalSection(ProjectConfigurationPlatforms) = postSolution
		{253FCD96-3FC4-427D-B6E3-C3956B6CFA46}.Debug|x64.ActiveCfg = Debug|x64
		{253FCD96-3FC4-427D-B6E3-C3956B6CFA46}.Debug|x64.Build.0 = Debug|x64
		{253FCD96-3FC4-427D-B6E3-C3956B6CFA46}.Debug|x86.ActiveCfg = Debug|Win32
		{253FCD96-3FC4-427D-B6E3-C3956B6CFA46}.Debug|x86.Build.0 = Debug|Win32
		{253FCD96-3FC4-427D-B6E3-C3956B6CFA46}.Release|x64.ActiveCfg = Release|x64
		{253FCD96-3FC4-427D-B6E3-C3956B6CFA46}.Release|x64.Build.0 = Release|x64
		{253FCD96-3FC4-427D-B6E3-C3956B6CFA46}.Release|x86.ActiveCfg = Release|Win32
		{253FCD96-3FC4-427D-B6E3-C3956B6CFA46}.Release|x86.Build.0 = Release|Win32
	EndGlobalSection
	GlobalSection(SolutionProperties) = preSolution
		HideSolutionNode = FALSE
	EndGlobalSection
	GlobalSection(ExtensibilityGlobals) = postSolution
		SolutionGuid = {BB1429C2-64CC-48D3-A963-434A5AFA4754}
	EndGlobalSection
EndGlobal
